
Microsoft Visual Studio Solution File, Format Version 12.00
# Visual Studio Version 17
VisualStudioVersion = 17.2.32526.322
MinimumVisualStudioVersion = 10.0.40219.1
Project("{9A19103F-16F7-4668-BE54-9A1E7A4F7556}") = "Ddd.Logic", "Ddd.Logic\Ddd.Logic.csproj", "{FA48499D-96C6-4A7D-9B07-D1B356698EA7}"
EndProject
Project("{9A19103F-16F7-4668-BE54-9A1E7A4F7556}") = "Ddd.Tests", "Ddd.Tests\Ddd.Tests.csproj", "{C5389B4D-3231-4237-98BA-4AD464FCEAE0}"
EndProject
Global
	GlobalSection(SolutionConfigurationPlatforms) = preSolution
		Debug|Any CPU = Debug|Any CPU
		Release|Any CPU = Release|Any CPU
	EndGlobalSection
	GlobalSection(ProjectConfigurationPlatforms) = postSolution
		{FA48499D-96C6-4A7D-9B07-D1B356698EA7}.Debug|Any CPU.ActiveCfg = Debug|Any CPU
		{FA48499D-96C6-4A7D-9B07-D1B356698EA7}.Debug|Any CPU.Build.0 = Debug|Any CPU
		{FA48499D-96C6-4A7D-9B07-D1B356698EA7}.Release|Any CPU.ActiveCfg = Release|Any CPU
		{FA48499D-96C6-4A7D-9B07-D1B356698EA7}.Release|Any CPU.Build.0 = Release|Any CPU
		{C5389B4D-3231-4237-98BA-4AD464FCEAE0}.Debug|Any CPU.ActiveCfg = Debug|Any CPU
		{C5389B4D-3231-4237-98BA-4AD464FCEAE0}.Debug|Any CPU.Build.0 = Debug|Any CPU
		{C5389B4D-3231-4237-98BA-4AD464FCEAE0}.Release|Any CPU.ActiveCfg = Release|Any CPU
		{C5389B4D-3231-4237-98BA-4AD464FCEAE0}.Release|Any CPU.Build.0 = Release|Any CPU
	EndGlobalSection
	GlobalSection(SolutionProperties) = preSolution
		HideSolutionNode = FALSE
	EndGlobalSection
	GlobalSection(ExtensibilityGlobals) = postSolution
		SolutionGuid = {12CB739C-7E1B-4AA8-9350-CA816C646B11}
	EndGlobalSection
EndGlobal
